{
  "name": "portfolio-web",
  "version": "0.1.0",
  "lockfileVersion": 3,
  "requires": true,
  "packages": {
    "": {
      "name": "portfolio-web",
      "version": "0.1.0",
      "dependencies": {
        "@vitejs/plugin-react": "latest",
        "autoprefixer": "latest",
        "postcss": "latest",
        "react": "latest",
        "react-dom": "latest",
        "tailwindcss": "latest",
        "vite": "latest"
      }
    }
  }
}
